proj_file_hash = "39dddaac53c78e27f7e021b9ef95de40"

[[dependencies]]
name = "minilib-common"
version = "0.1.2"
path = ".fixlang/deps/minilib-common_0.1.2"

[dependencies.git]
repo = "https://github.com/pt9999/fixlang-minilib-common.git"
rev = "feaebc1d77638a3c6795d535ec9a0f0ec5809023"

[[dependencies]]
name = "character"
version = "0.1.1"
path = ".fixlang/deps/character_0.1.1"

[dependencies.git]
repo = "https://github.com/tttmmmyyyy/fixlang-character.git"
rev = "c72c2ca5c8052e21200633dea1fff53c945d8799"

[[dependencies]]
name = "time"
version = "0.2.4"
path = ".fixlang/deps/time_0.2.4"

[dependencies.git]
repo = "https://github.com/tttmmmyyyy/fixlang-time.git"
rev = "e64401e0c48c8fe7777e9ad2ecea76dd0a02848b"

[[dependencies]]
name = "random"
version = "0.1.1"
path = ".fixlang/deps/random_0.1.1"

[dependencies.git]
repo = "https://github.com/tttmmmyyyy/fixlang-random.git"
rev = "b77979767813d7cabff93e36c7516a8f8f8e90de"

[[dependencies]]
name = "minilib-io"
version = "0.1.1"
path = ".fixlang/deps/minilib-io_0.1.1"

[dependencies.git]
repo = "https://github.com/pt9999/fixlang-minilib-io.git"
rev = "4742e356cf872b81e9de24793b1d1d6b695ce611"

[[dependencies]]
name = "minilib-binary"
version = "0.1.0"
path = ".fixlang/deps/minilib-binary_0.1.0"

[dependencies.git]
repo = "https://github.com/pt9999/fixlang-minilib-binary.git"
rev = "635d21a0c0548e684672765f69735e8ca4f1cae3"

[[dependencies]]
name = "minilib-collection"
version = "0.1.0"
path = ".fixlang/deps/minilib-collection_0.1.0"

[dependencies.git]
repo = "https://github.com/pt9999/fixlang-minilib-collection.git"
rev = "cf1ad0234d222b466a364e8a2920d5aa401535ae"

[[dependencies]]
name = "hashmap"
version = "0.1.1"
path = ".fixlang/deps/hashmap_0.1.1"

[dependencies.git]
repo = "https://github.com/tttmmmyyyy/fixlang-hashmap.git"
rev = "6d15089dd991ed2f4175104364c43297c73456fc"

[[dependencies]]
name = "hash"
version = "0.1.0"
path = ".fixlang/deps/hash_0.1.0"

[dependencies.git]
repo = "https://github.com/tttmmmyyyy/fixlang-hash.git"
rev = "0e05f132ebc9420759a789fcd9e1afa739769c39"

[[dependencies]]
name = "asynctask"
version = "0.2.9"
path = ".fixlang/deps/asynctask_0.2.9"

[dependencies.git]
repo = "https://github.com/tttmmmyyyy/fixlang-asynctask.git"
rev = "79dca0e813878e720f83f90d34f3810bd230b9b9"
