proj_file_hash = "6bc3f0296b9af6f7bf7ad684cb791adb"

[[dependencies]]
name = "asynctask"
version = "1.1.5"
path = ".fixlang/deps/asynctask_1.1.5"

[dependencies.git]
repo = "https://github.com/tttmmmyyyy/fixlang-asynctask.git"
rev = "a18fb87a2e47cc19cf263a4311704e88880dc2c8"

[[dependencies]]
name = "character"
version = "1.0.1"
path = ".fixlang/deps/character_1.0.1"

[dependencies.git]
repo = "https://github.com/tttmmmyyyy/fixlang-character.git"
rev = "fd75a6634ec0c919f2d1703112d25da9a3c2346e"

[[dependencies]]
name = "minilib-binary"
version = "0.6.2"
path = ".fixlang/deps/minilib-binary_0.6.2"

[dependencies.git]
repo = "https://github.com/pt9999/fixlang-minilib-binary.git"
rev = "e6e831a77b80506e01338844b4cb0d6c86267226"

[[dependencies]]
name = "minilib-common"
version = "0.13.0"
path = ".fixlang/deps/minilib-common_0.13.0"

[dependencies.git]
repo = "https://github.com/pt9999/fixlang-minilib-common.git"
rev = "d8af3860a44a3ab19ddf6a39c809b959821cbe98"

[[dependencies]]
name = "minilib-io"
version = "0.8.3"
path = ".fixlang/deps/minilib-io_0.8.3"

[dependencies.git]
repo = "https://github.com/pt9999/fixlang-minilib-io.git"
rev = "8412e10b3892dfcc4ec1b4427d982197f2cbb9e3"

[[dependencies]]
name = "ring-buffer"
version = "0.1.1"
path = ".fixlang/deps/ring-buffer_0.1.1"

[dependencies.git]
repo = "https://github.com/tttmmmyyyy/ring-buffer.git"
rev = "78e543ca1eb24737659c47fa1253f0f4e92994bf"

[[dependencies]]
name = "time"
version = "1.0.2"
path = ".fixlang/deps/time_1.0.2"

[dependencies.git]
repo = "https://github.com/tttmmmyyyy/fixlang-time.git"
rev = "7af8a5c115e7437f94dcb4353807c03d816856f6"
