proj_file_hash = "9712e6773117093b519e54e985605ac3"

[[dependencies]]
name = "asynctask"
version = "1.1.5"
path = ".fixlang/deps/asynctask_1.1.5"

[dependencies.git]
repo = "https://github.com/tttmmmyyyy/fixlang-asynctask.git"
rev = "a18fb87a2e47cc19cf263a4311704e88880dc2c8"

[[dependencies]]
name = "character"
version = "1.0.1"
path = ".fixlang/deps/character_1.0.1"

[dependencies.git]
repo = "https://github.com/tttmmmyyyy/fixlang-character.git"
rev = "fd75a6634ec0c919f2d1703112d25da9a3c2346e"

[[dependencies]]
name = "minilib-binary"
version = "0.6.0"
path = ".fixlang/deps/minilib-binary_0.6.0"

[dependencies.git]
repo = "https://github.com/pt9999/fixlang-minilib-binary.git"
rev = "68b80a76753853bab4b6cbb88aea8bc716e80c05"

[[dependencies]]
name = "minilib-common"
version = "0.12.0"
path = ".fixlang/deps/minilib-common_0.12.0"

[dependencies.git]
repo = "https://github.com/pt9999/fixlang-minilib-common.git"
rev = "b618c599f408f3b3d83b138475059d7563115915"

[[dependencies]]
name = "minilib-io"
version = "0.8.0"
path = ".fixlang/deps/minilib-io_0.8.0"

[dependencies.git]
repo = "https://github.com/pt9999/fixlang-minilib-io.git"
rev = "c9a65435c8b70d1fdbd7100b494591a673a515e5"

[[dependencies]]
name = "ring-buffer"
version = "0.1.1"
path = ".fixlang/deps/ring-buffer_0.1.1"

[dependencies.git]
repo = "https://github.com/tttmmmyyyy/ring-buffer.git"
rev = "78e543ca1eb24737659c47fa1253f0f4e92994bf"

[[dependencies]]
name = "time"
version = "1.0.2"
path = ".fixlang/deps/time_1.0.2"

[dependencies.git]
repo = "https://github.com/tttmmmyyyy/fixlang-time.git"
rev = "7af8a5c115e7437f94dcb4353807c03d816856f6"
