proj_file_hash = "c9303d65461250c4db2df7164939d3e7"

[[dependencies]]
name = "minilib-common"
version = "0.1.5"
path = ".fixlang/deps/minilib-common_0.1.5"

[dependencies.git]
repo = "https://github.com/pt9999/fixlang-minilib-common.git"
rev = "6828c6fb49511640162a672d55730bf6c93a32e8"

[[dependencies]]
name = "character"
version = "1.0.0"
path = ".fixlang/deps/character_1.0.0"

[dependencies.git]
repo = "https://github.com/tttmmmyyyy/fixlang-character.git"
rev = "13e128d2b87a729c4e73d986994a5cedcf3e8f49"

[[dependencies]]
name = "time"
version = "1.0.0"
path = ".fixlang/deps/time_1.0.0"

[dependencies.git]
repo = "https://github.com/tttmmmyyyy/fixlang-time.git"
rev = "0df92cf1c3ffc148d658c1a554c94105aef13520"

[[dependencies]]
name = "random"
version = "1.0.0"
path = ".fixlang/deps/random_1.0.0"

[dependencies.git]
repo = "https://github.com/tttmmmyyyy/fixlang-random.git"
rev = "b802af50726199a6dc815bef1cc64075cd4cbd2d"

[[dependencies]]
name = "minilib-collection"
version = "0.1.4"
path = ".fixlang/deps/minilib-collection_0.1.4"

[dependencies.git]
repo = "https://github.com/pt9999/fixlang-minilib-collection.git"
rev = "0f0d5305473c4de87e62fd11acd90dad4403583f"

[[dependencies]]
name = "hashmap"
version = "1.0.0"
path = ".fixlang/deps/hashmap_1.0.0"

[dependencies.git]
repo = "https://github.com/tttmmmyyyy/fixlang-hashmap.git"
rev = "57b578c24738d6a5d19bb60a1705edec321485ff"

[[dependencies]]
name = "hash"
version = "1.0.0"
path = ".fixlang/deps/hash_1.0.0"

[dependencies.git]
repo = "https://github.com/tttmmmyyyy/fixlang-hash.git"
rev = "4b2f01c2d7309447fe7cd68a8d105ae86e2bde97"

[[dependencies]]
name = "minilib-io"
version = "0.3.0"
path = ".fixlang/deps/minilib-io_0.3.0"

[dependencies.git]
repo = "https://github.com/pt9999/fixlang-minilib-io.git"
rev = "b5f1fc1913e464946f5d4f8918a09d2ad23c70c0"

[[dependencies]]
name = "minilib-binary"
version = "0.1.5"
path = ".fixlang/deps/minilib-binary_0.1.5"

[dependencies.git]
repo = "https://github.com/pt9999/fixlang-minilib-binary.git"
rev = "55f3005a8ec85a0d4252ce52a0fb44c4a0c31349"

[[dependencies]]
name = "asynctask"
version = "1.0.0"
path = ".fixlang/deps/asynctask_1.0.0"

[dependencies.git]
repo = "https://github.com/tttmmmyyyy/fixlang-asynctask.git"
rev = "6b36519aade839ecb28ec236bc4cabe37416f398"
